// !$*UTF8*$!
{
	archiveVersion = 1;
	classes = {
	};
	objectVersion = 44;
	objects = {

/* Begin PBXBuildFile section */
		8D5B49B0048680CD000E48DA /* InfoPlist.strings in Resources */ = {isa = PBXBuildFile; fileRef = 089C167DFE841241C02AAC07 /* InfoPlist.strings */; };
		8D5B49B4048680CD000E48DA /* Cocoa.framework in Frameworks */ = {isa = PBXBuildFile; fileRef = 1058C7ADFEA557BF11CA2CBB /* Cocoa.framework */; };
		C6158DB20F56D64C006CE651 /* icon_loading.gif in Resources */ = {isa = PBXBuildFile; fileRef = C6158DB10F56D64C006CE651 /* icon_loading.gif */; };
		C6158DB60F56D726006CE651 /* icon_tick.png in Resources */ = {isa = PBXBuildFile; fileRef = C6158DB40F56D726006CE651 /* icon_tick.png */; };
		C6158DB70F56D726006CE651 /* icon_error.png in Resources */ = {isa = PBXBuildFile; fileRef = C6158DB50F56D726006CE651 /* icon_error.png */; };
		C68347C20F70504200132B8E /* icon_list.png in Resources */ = {isa = PBXBuildFile; fileRef = C68347C10F70504200132B8E /* icon_list.png */; };
		C6BE8FF10F431AB5004BBEB7 /* icon_tag.png in Resources */ = {isa = PBXBuildFile; fileRef = C6BE8FEE0F431AB5004BBEB7 /* icon_tag.png */; };
		C6BE8FF20F431AB5004BBEB7 /* icon_ban.png in Resources */ = {isa = PBXBuildFile; fileRef = C6BE8FEF0F431AB5004BBEB7 /* icon_ban.png */; };
		C6BE8FF30F431AB5004BBEB7 /* icon_love.png in Resources */ = {isa = PBXBuildFile; fileRef = C6BE8FF00F431AB5004BBEB7 /* icon_love.png */; };
		C6BE900D0F4321AE004BBEB7 /* LastifyDrawerView.m in Sources */ = {isa = PBXBuildFile; fileRef = C6BE900C0F4321AE004BBEB7 /* LastifyDrawerView.m */; };
		C6BE903B0F4327E4004BBEB7 /* NSButton+Lastify.m in Sources */ = {isa = PBXBuildFile; fileRef = C6BE903A0F4327E4004BBEB7 /* NSButton+Lastify.m */; };
		C6BE906B0F432D3A004BBEB7 /* icon_key.png in Resources */ = {isa = PBXBuildFile; fileRef = C6BE906A0F432D3A004BBEB7 /* icon_key.png */; };
		C6D68B570F212558000CB3C6 /* LastifyController.m in Sources */ = {isa = PBXBuildFile; fileRef = C6D68B560F212558000CB3C6 /* LastifyController.m */; };
		C6D68B5E0F212820000CB3C6 /* LastifyInterface.xib in Resources */ = {isa = PBXBuildFile; fileRef = C6D68B5D0F212820000CB3C6 /* LastifyInterface.xib */; };
		C6D68BFA0F21418D000CB3C6 /* lastfm_black.png in Resources */ = {isa = PBXBuildFile; fileRef = C6D68BF90F21418D000CB3C6 /* lastfm_black.png */; };
		C6D68C060F214DAA000CB3C6 /* LastifyLastfmClient.m in Sources */ = {isa = PBXBuildFile; fileRef = C6D68C050F214DAA000CB3C6 /* LastifyLastfmClient.m */; };
		C6D68C9A0F21EF55000CB3C6 /* NSString+Lastify.m in Sources */ = {isa = PBXBuildFile; fileRef = C6D68C990F21EF55000CB3C6 /* NSString+Lastify.m */; };
		C6D68CF90F21FE2C000CB3C6 /* SPGrowlDelegate+Lastify.m in Sources */ = {isa = PBXBuildFile; fileRef = C6D68CF80F21FE2C000CB3C6 /* SPGrowlDelegate+Lastify.m */; };
/* End PBXBuildFile section */

/* Begin PBXFileReference section */
		089C1672FE841209C02AAC07 /* Foundation.framework */ = {isa = PBXFileReference; lastKnownFileType = wrapper.framework; name = Foundation.framework; path = /System/Library/Frameworks/Foundation.framework; sourceTree = "<absolute>"; };
		089C167EFE841241C02AAC07 /* English */ = {isa = PBXFileReference; fileEncoding = 10; lastKnownFileType = text.plist.strings; name = English; path = English.lproj/InfoPlist.strings; sourceTree = "<group>"; };
		089C167FFE841241C02AAC07 /* AppKit.framework */ = {isa = PBXFileReference; lastKnownFileType = wrapper.framework; name = AppKit.framework; path = /System/Library/Frameworks/AppKit.framework; sourceTree = "<absolute>"; };
		1058C7ADFEA557BF11CA2CBB /* Cocoa.framework */ = {isa = PBXFileReference; lastKnownFileType = wrapper.framework; name = Cocoa.framework; path = /System/Library/Frameworks/Cocoa.framework; sourceTree = "<absolute>"; };
		32DBCF630370AF2F00C91783 /* Lastify_Prefix.pch */ = {isa = PBXFileReference; fileEncoding = 4; lastKnownFileType = sourcecode.c.h; path = Lastify_Prefix.pch; sourceTree = "<group>"; };
		8D5B49B6048680CD000E48DA /* Lastify.bundle */ = {isa = PBXFileReference; explicitFileType = wrapper.cfbundle; includeInIndex = 0; path = Lastify.bundle; sourceTree = BUILT_PRODUCTS_DIR; };
		8D5B49B7048680CD000E48DA /* Info.plist */ = {isa = PBXFileReference; fileEncoding = 4; lastKnownFileType = text.plist.xml; path = Info.plist; sourceTree = "<group>"; };
		C6158DB10F56D64C006CE651 /* icon_loading.gif */ = {isa = PBXFileReference; lastKnownFileType = image.gif; path = icon_loading.gif; sourceTree = "<group>"; };
		C6158DB40F56D726006CE651 /* icon_tick.png */ = {isa = PBXFileReference; lastKnownFileType = image.png; path = icon_tick.png; sourceTree = "<group>"; };
		C6158DB50F56D726006CE651 /* icon_error.png */ = {isa = PBXFileReference; lastKnownFileType = image.png; path = icon_error.png; sourceTree = "<group>"; };
		C68347C10F70504200132B8E /* icon_list.png */ = {isa = PBXFileReference; lastKnownFileType = image.png; path = icon_list.png; sourceTree = "<group>"; };
		C6BE8FEE0F431AB5004BBEB7 /* icon_tag.png */ = {isa = PBXFileReference; lastKnownFileType = image.png; path = icon_tag.png; sourceTree = "<group>"; };
		C6BE8FEF0F431AB5004BBEB7 /* icon_ban.png */ = {isa = PBXFileReference; lastKnownFileType = image.png; path = icon_ban.png; sourceTree = "<group>"; };
		C6BE8FF00F431AB5004BBEB7 /* icon_love.png */ = {isa = PBXFileReference; lastKnownFileType = image.png; path = icon_love.png; sourceTree = "<group>"; };
		C6BE900B0F4321AE004BBEB7 /* LastifyDrawerView.h */ = {isa = PBXFileReference; fileEncoding = 4; lastKnownFileType = sourcecode.c.h; path = LastifyDrawerView.h; sourceTree = "<group>"; };
		C6BE900C0F4321AE004BBEB7 /* LastifyDrawerView.m */ = {isa = PBXFileReference; fileEncoding = 4; lastKnownFileType = sourcecode.c.objc; path = LastifyDrawerView.m; sourceTree = "<group>"; };
		C6BE90390F4327E4004BBEB7 /* NSButton+Lastify.h */ = {isa = PBXFileReference; fileEncoding = 4; lastKnownFileType = sourcecode.c.h; path = "NSButton+Lastify.h"; sourceTree = "<group>"; };
		C6BE903A0F4327E4004BBEB7 /* NSButton+Lastify.m */ = {isa = PBXFileReference; fileEncoding = 4; lastKnownFileType = sourcecode.c.objc; path = "NSButton+Lastify.m"; sourceTree = "<group>"; };
		C6BE906A0F432D3A004BBEB7 /* icon_key.png */ = {isa = PBXFileReference; lastKnownFileType = image.png; path = icon_key.png; sourceTree = "<group>"; };
		C6D68B550F212558000CB3C6 /* LastifyController.h */ = {isa = PBXFileReference; fileEncoding = 4; lastKnownFileType = sourcecode.c.h; path = LastifyController.h; sourceTree = "<group>"; };
		C6D68B560F212558000CB3C6 /* LastifyController.m */ = {isa = PBXFileReference; fileEncoding = 4; lastKnownFileType = sourcecode.c.objc; path = LastifyController.m; sourceTree = "<group>"; };
		C6D68B5D0F212820000CB3C6 /* LastifyInterface.xib */ = {isa = PBXFileReference; lastKnownFileType = file.xib; path = LastifyInterface.xib; sourceTree = "<group>"; };
		C6D68B9A0F213660000CB3C6 /* SPController.h */ = {isa = PBXFileReference; fileEncoding = 4; lastKnownFileType = sourcecode.c.h; name = SPController.h; path = "class-dump-headers/SPController.h"; sourceTree = "<group>"; };
		C6D68BF90F21418D000CB3C6 /* lastfm_black.png */ = {isa = PBXFileReference; lastKnownFileType = image.png; path = lastfm_black.png; sourceTree = "<group>"; };
		C6D68C040F214DAA000CB3C6 /* LastifyLastfmClient.h */ = {isa = PBXFileReference; fileEncoding = 4; lastKnownFileType = sourcecode.c.h; path = LastifyLastfmClient.h; sourceTree = "<group>"; };
		C6D68C050F214DAA000CB3C6 /* LastifyLastfmClient.m */ = {isa = PBXFileReference; fileEncoding = 4; lastKnownFileType = sourcecode.c.objc; path = LastifyLastfmClient.m; sourceTree = "<group>"; };
		C6D68C980F21EF55000CB3C6 /* NSString+Lastify.h */ = {isa = PBXFileReference; fileEncoding = 4; lastKnownFileType = sourcecode.c.h; path = "NSString+Lastify.h"; sourceTree = "<group>"; };
		C6D68C990F21EF55000CB3C6 /* NSString+Lastify.m */ = {isa = PBXFileReference; fileEncoding = 4; lastKnownFileType = sourcecode.c.objc; path = "NSString+Lastify.m"; sourceTree = "<group>"; };
		C6D68CF60F21FE13000CB3C6 /* SPGrowlDelegate.h */ = {isa = PBXFileReference; fileEncoding = 4; lastKnownFileType = sourcecode.c.h; name = SPGrowlDelegate.h; path = "class-dump-headers/SPGrowlDelegate.h"; sourceTree = "<group>"; };
		C6D68CF70F21FE2C000CB3C6 /* SPGrowlDelegate+Lastify.h */ = {isa = PBXFileReference; fileEncoding = 4; lastKnownFileType = sourcecode.c.h; path = "SPGrowlDelegate+Lastify.h"; sourceTree = "<group>"; };
		C6D68CF80F21FE2C000CB3C6 /* SPGrowlDelegate+Lastify.m */ = {isa = PBXFileReference; fileEncoding = 4; lastKnownFileType = sourcecode.c.objc; path = "SPGrowlDelegate+Lastify.m"; sourceTree = "<group>"; };
		C6D68D000F21FFBB000CB3C6 /* SPTypes.h */ = {isa = PBXFileReference; fileEncoding = 4; lastKnownFileType = sourcecode.c.h; path = SPTypes.h; sourceTree = "<group>"; };
		D2F7E65807B2D6F200F64583 /* CoreData.framework */ = {isa = PBXFileReference; lastKnownFileType = wrapper.framework; name = CoreData.framework; path = /System/Library/Frameworks/CoreData.framework; sourceTree = "<absolute>"; };
/* End PBXFileReference section */

/* Begin PBXFrameworksBuildPhase section */
		8D5B49B3048680CD000E48DA /* Frameworks */ = {
			isa = PBXFrameworksBuildPhase;
			buildActionMask = 2147483647;
			files = (
				8D5B49B4048680CD000E48DA /* Cocoa.framework in Frameworks */,
			);
			runOnlyForDeploymentPostprocessing = 0;
		};
/* End PBXFrameworksBuildPhase section */

/* Begin PBXGroup section */
		089C166AFE841209C02AAC07 /* Lastify */ = {
			isa = PBXGroup;
			children = (
				08FB77AFFE84173DC02AAC07 /* Classes */,
				32C88E010371C26100C91783 /* Other Sources */,
				089C167CFE841241C02AAC07 /* Resources */,
				089C1671FE841209C02AAC07 /* Frameworks and Libraries */,
				19C28FB8FE9D52D311CA2CBB /* Products */,
			);
			name = Lastify;
			sourceTree = "<group>";
		};
		089C1671FE841209C02AAC07 /* Frameworks and Libraries */ = {
			isa = PBXGroup;
			children = (
				1058C7ACFEA557BF11CA2CBB /* Linked Frameworks */,
				1058C7AEFEA557BF11CA2CBB /* Other Frameworks */,
			);
			name = "Frameworks and Libraries";
			sourceTree = "<group>";
		};
		089C167CFE841241C02AAC07 /* Resources */ = {
			isa = PBXGroup;
			children = (
				C6BE8FEE0F431AB5004BBEB7 /* icon_tag.png */,
				C6BE8FEF0F431AB5004BBEB7 /* icon_ban.png */,
				C6BE8FF00F431AB5004BBEB7 /* icon_love.png */,
				C6BE906A0F432D3A004BBEB7 /* icon_key.png */,
				C6158DB10F56D64C006CE651 /* icon_loading.gif */,
				C68347C10F70504200132B8E /* icon_list.png */,
				C6D68BF90F21418D000CB3C6 /* lastfm_black.png */,
				C6158DB40F56D726006CE651 /* icon_tick.png */,
				C6158DB50F56D726006CE651 /* icon_error.png */,
				8D5B49B7048680CD000E48DA /* Info.plist */,
				089C167DFE841241C02AAC07 /* InfoPlist.strings */,
				C6D68B5D0F212820000CB3C6 /* LastifyInterface.xib */,
			);
			name = Resources;
			sourceTree = "<group>";
		};
		08FB77AFFE84173DC02AAC07 /* Classes */ = {
			isa = PBXGroup;
			children = (
				C6D68C980F21EF55000CB3C6 /* NSString+Lastify.h */,
				C6D68C990F21EF55000CB3C6 /* NSString+Lastify.m */,
				C6D68D000F21FFBB000CB3C6 /* SPTypes.h */,
				C6D68CF60F21FE13000CB3C6 /* SPGrowlDelegate.h */,
				C6D68CF70F21FE2C000CB3C6 /* SPGrowlDelegate+Lastify.h */,
				C6D68CF80F21FE2C000CB3C6 /* SPGrowlDelegate+Lastify.m */,
				C6D68B9A0F213660000CB3C6 /* SPController.h */,
				C6BE90390F4327E4004BBEB7 /* NSButton+Lastify.h */,
				C6BE903A0F4327E4004BBEB7 /* NSButton+Lastify.m */,
				C6D68B550F212558000CB3C6 /* LastifyController.h */,
				C6D68B560F212558000CB3C6 /* LastifyController.m */,
				C6D68C040F214DAA000CB3C6 /* LastifyLastfmClient.h */,
				C6D68C050F214DAA000CB3C6 /* LastifyLastfmClient.m */,
				C6BE900B0F4321AE004BBEB7 /* LastifyDrawerView.h */,
				C6BE900C0F4321AE004BBEB7 /* LastifyDrawerView.m */,
			);
			name = Classes;
			sourceTree = "<group>";
		};
		1058C7ACFEA557BF11CA2CBB /* Linked Frameworks */ = {
			isa = PBXGroup;
			children = (
				1058C7ADFEA557BF11CA2CBB /* Cocoa.framework */,
			);
			name = "Linked Frameworks";
			sourceTree = "<group>";
		};
		1058C7AEFEA557BF11CA2CBB /* Other Frameworks */ = {
			isa = PBXGroup;
			children = (
				089C167FFE841241C02AAC07 /* AppKit.framework */,
				D2F7E65807B2D6F200F64583 /* CoreData.framework */,
				089C1672FE841209C02AAC07 /* Foundation.framework */,
			);
			name = "Other Frameworks";
			sourceTree = "<group>";
		};
		19C28FB8FE9D52D311CA2CBB /* Products */ = {
			isa = PBXGroup;
			children = (
				8D5B49B6048680CD000E48DA /* Lastify.bundle */,
			);
			name = Products;
			sourceTree = "<group>";
		};
		32C88E010371C26100C91783 /* Other Sources */ = {
			isa = PBXGroup;
			children = (
				32DBCF630370AF2F00C91783 /* Lastify_Prefix.pch */,
			);
			name = "Other Sources";
			sourceTree = "<group>";
		};
/* End PBXGroup section */

/* Begin PBXNativeTarget section */
		8D5B49AC048680CD000E48DA /* Lastify */ = {
			isa = PBXNativeTarget;
			buildConfigurationList = 1DEB913A08733D840010E9CD /* Build configuration list for PBXNativeTarget "Lastify" */;
			buildPhases = (
				8D5B49AF048680CD000E48DA /* Resources */,
				8D5B49B1048680CD000E48DA /* Sources */,
				8D5B49B3048680CD000E48DA /* Frameworks */,
			);
			buildRules = (
			);
			dependencies = (
			);
			name = Lastify;
			productInstallPath = "$(HOME)/Library/Bundles";
			productName = Lastify;
			productReference = 8D5B49B6048680CD000E48DA /* Lastify.bundle */;
			productType = "com.apple.product-type.bundle";
		};
/* End PBXNativeTarget section */

/* Begin PBXProject section */
		089C1669FE841209C02AAC07 /* Project object */ = {
			isa = PBXProject;
			buildConfigurationList = 1DEB913E08733D840010E9CD /* Build configuration list for PBXProject "Lastify" */;
			compatibilityVersion = "Xcode 3.0";
			developmentRegion = English;
			hasScannedForEncodings = 1;
			knownRegions = (
				English,
				Japanese,
				French,
				German,
			);
			mainGroup = 089C166AFE841209C02AAC07 /* Lastify */;
			projectDirPath = "";
			projectRoot = "";
			targets = (
				8D5B49AC048680CD000E48DA /* Lastify */,
			);
		};
/* End PBXProject section */

/* Begin PBXResourcesBuildPhase section */
		8D5B49AF048680CD000E48DA /* Resources */ = {
			isa = PBXResourcesBuildPhase;
			buildActionMask = 2147483647;
			files = (
				8D5B49B0048680CD000E48DA /* InfoPlist.strings in Resources */,
				C6D68B5E0F212820000CB3C6 /* LastifyInterface.xib in Resources */,
				C6D68BFA0F21418D000CB3C6 /* lastfm_black.png in Resources */,
				C6BE8FF10F431AB5004BBEB7 /* icon_tag.png in Resources */,
				C6BE8FF20F431AB5004BBEB7 /* icon_ban.png in Resources */,
				C6BE8FF30F431AB5004BBEB7 /* icon_love.png in Resources */,
				C6BE906B0F432D3A004BBEB7 /* icon_key.png in Resources */,
				C6158DB20F56D64C006CE651 /* icon_loading.gif in Resources */,
				C6158DB60F56D726006CE651 /* icon_tick.png in Resources */,
				C6158DB70F56D726006CE651 /* icon_error.png in Resources */,
				C68347C20F70504200132B8E /* icon_list.png in Resources */,
			);
			runOnlyForDeploymentPostprocessing = 0;
		};
/* End PBXResourcesBuildPhase section */

/* Begin PBXSourcesBuildPhase section */
		8D5B49B1048680CD000E48DA /* Sources */ = {
			isa = PBXSourcesBuildPhase;
			buildActionMask = 2147483647;
			files = (
				C6D68B570F212558000CB3C6 /* LastifyController.m in Sources */,
				C6D68C060F214DAA000CB3C6 /* LastifyLastfmClient.m in Sources */,
				C6D68C9A0F21EF55000CB3C6 /* NSString+Lastify.m in Sources */,
				C6D68CF90F21FE2C000CB3C6 /* SPGrowlDelegate+Lastify.m in Sources */,
				C6BE900D0F4321AE004BBEB7 /* LastifyDrawerView.m in Sources */,
				C6BE903B0F4327E4004BBEB7 /* NSButton+Lastify.m in Sources */,
			);
			runOnlyForDeploymentPostprocessing = 0;
		};
/* End PBXSourcesBuildPhase section */

/* Begin PBXVariantGroup section */
		089C167DFE841241C02AAC07 /* InfoPlist.strings */ = {
			isa = PBXVariantGroup;
			children = (
				089C167EFE841241C02AAC07 /* English */,
			);
			name = InfoPlist.strings;
			sourceTree = "<group>";
		};
/* End PBXVariantGroup section */

/* Begin XCBuildConfiguration section */
		1DEB913B08733D840010E9CD /* Debug */ = {
			isa = XCBuildConfiguration;
			buildSettings = {
				COPY_PHASE_STRIP = NO;
				GCC_DYNAMIC_NO_PIC = NO;
				GCC_ENABLE_FIX_AND_CONTINUE = YES;
				GCC_MODEL_TUNING = G5;
				GCC_OPTIMIZATION_LEVEL = 0;
				GCC_PRECOMPILE_PREFIX_HEADER = YES;
				GCC_PREFIX_HEADER = Lastify_Prefix.pch;
				INFOPLIST_FILE = Info.plist;
				INSTALL_PATH = "$(HOME)/Library/Bundles";
				OTHER_LDFLAGS = (
					"-undefined",
					dynamic_lookup,
				);
				PRODUCT_NAME = Lastify;
				WRAPPER_EXTENSION = bundle;
				ZERO_LINK = YES;
			};
			name = Debug;
		};
		1DEB913C08733D840010E9CD /* Release */ = {
			isa = XCBuildConfiguration;
			buildSettings = {
				DEBUG_INFORMATION_FORMAT = "dwarf-with-dsym";
				GCC_MODEL_TUNING = G5;
				GCC_PRECOMPILE_PREFIX_HEADER = YES;
				GCC_PREFIX_HEADER = Lastify_Prefix.pch;
				INFOPLIST_FILE = Info.plist;
				INSTALL_PATH = "$(HOME)/Library/Bundles";
				OTHER_LDFLAGS = (
					"-undefined",
					dynamic_lookup,
				);
				PRODUCT_NAME = Lastify;
				WRAPPER_EXTENSION = bundle;
			};
			name = Release;
		};
		1DEB913F08733D840010E9CD /* Debug */ = {
			isa = XCBuildConfiguration;
			buildSettings = {
				GCC_WARN_ABOUT_RETURN_TYPE = YES;
				GCC_WARN_UNUSED_VARIABLE = YES;
				PREBINDING = NO;
				SDKROOT = "$(DEVELOPER_SDK_DIR)/MacOSX10.5.sdk";
			};
			name = Debug;
		};
		1DEB914008733D840010E9CD /* Release */ = {
			isa = XCBuildConfiguration;
			buildSettings = {
				ARCHS = (
					ppc,
					i386,
				);
				GCC_WARN_ABOUT_RETURN_TYPE = YES;
				GCC_WARN_UNUSED_VARIABLE = YES;
				PREBINDING = NO;
				SDKROOT = "$(DEVELOPER_SDK_DIR)/MacOSX10.5.sdk";
			};
			name = Release;
		};
/* End XCBuildConfiguration section */

/* Begin XCConfigurationList section */
		1DEB913A08733D840010E9CD /* Build configuration list for PBXNativeTarget "Lastify" */ = {
			isa = XCConfigurationList;
			buildConfigurations = (
				1DEB913B08733D840010E9CD /* Debug */,
				1DEB913C08733D840010E9CD /* Release */,
			);
			defaultConfigurationIsVisible = 0;
			defaultConfigurationName = Release;
		};
		1DEB913E08733D840010E9CD /* Build configuration list for PBXProject "Lastify" */ = {
			isa = XCConfigurationList;
			buildConfigurations = (
				1DEB913F08733D840010E9CD /* Debug */,
				1DEB914008733D840010E9CD /* Release */,
			);
			defaultConfigurationIsVisible = 0;
			defaultConfigurationName = Release;
		};
/* End XCConfigurationList section */
	};
	rootObject = 089C1669FE841209C02AAC07 /* Project object */;
}
